{
  "requires": true,
  "lockfileVersion": 1,
  "dependencies": {
    "jquery": {
      "version": "3.3.1",
      "resolved": "https://registry.npmjs.org/jquery/-/jquery-3.3.1.tgz",
      "integrity": "sha512-Ubldcmxp5np52/ENotGxlLe6aGMvmF4R8S6tZjsP6Knsaxd/xp3Zrh50cG93lR6nPXyUFwzN3ZSOQI0wRJNdGg=="
    },
    "moment": {
      "version": "2.21.0",
      "resolved": "https://registry.npmjs.org/moment/-/moment-2.21.0.tgz",
      "integrity": "sha512-TCZ36BjURTeFTM/CwRcViQlfkMvL1/vFISuNLO5GkcVm1+QHfbSiNqZuWeMFjj1/3+uAjXswgRk30j1kkLYJBQ=="
    },
    "pg-calendar": {
      "version": "1.4.27",
      "resolved": "https://registry.npmjs.org/pg-calendar/-/pg-calendar-1.4.27.tgz",
      "integrity": "sha512-bA8xBu7+xFkcmegNJQ0dNlOCglR9sl+TRX5iFw7qpsDiekxbWXUQWS+tDlAuc4O0srAituT5f9x7HUHK6HkwGA==",
      "requires": {
        "jquery": "3.3.1",
        "moment": "2.21.0"
      }
    }
  }
}
